
Microsoft Visual Studio Solution File, Format Version 12.00
# Visual Studio 15
VisualStudioVersion = 15.0.27004.2006
MinimumVisualStudioVersion = 10.0.40219.1
Project("{9A19103F-16F7-4668-BE54-9A1E7A4F7556}") = "CodePlaygroundAPI", "CodePlayground\CodePlaygroundAPI.csproj", "{2F6A2483-94DF-4D8B-A2BF-5FEE158F4BEB}"
EndProject
Project("{9A19103F-16F7-4668-BE54-9A1E7A4F7556}") = "CodePlaygroundAPI.Tests", "CodePlaygroundAPI.Tests\CodePlaygroundAPI.Tests.csproj", "{E8168911-2160-4201-B8C7-4054CDF3C139}"
EndProject
Global
	GlobalSection(SolutionConfigurationPlatforms) = preSolution
		Debug|Any CPU = Debug|Any CPU
		Release|Any CPU = Release|Any CPU
	EndGlobalSection
	GlobalSection(ProjectConfigurationPlatforms) = postSolution
		{2F6A2483-94DF-4D8B-A2BF-5FEE158F4BEB}.Debug|Any CPU.ActiveCfg = Debug|Any CPU
		{2F6A2483-94DF-4D8B-A2BF-5FEE158F4BEB}.Debug|Any CPU.Build.0 = Debug|Any CPU
		{2F6A2483-94DF-4D8B-A2BF-5FEE158F4BEB}.Release|Any CPU.ActiveCfg = Release|Any CPU
		{2F6A2483-94DF-4D8B-A2BF-5FEE158F4BEB}.Release|Any CPU.Build.0 = Release|Any CPU
		{E8168911-2160-4201-B8C7-4054CDF3C139}.Debug|Any CPU.ActiveCfg = Debug|Any CPU
		{E8168911-2160-4201-B8C7-4054CDF3C139}.Debug|Any CPU.Build.0 = Debug|Any CPU
		{E8168911-2160-4201-B8C7-4054CDF3C139}.Release|Any CPU.ActiveCfg = Release|Any CPU
		{E8168911-2160-4201-B8C7-4054CDF3C139}.Release|Any CPU.Build.0 = Release|Any CPU
	EndGlobalSection
	GlobalSection(SolutionProperties) = preSolution
		HideSolutionNode = FALSE
	EndGlobalSection
	GlobalSection(ExtensibilityGlobals) = postSolution
		SolutionGuid = {DDCE0C72-A20C-41CF-8125-6F066A2368EC}
	EndGlobalSection
EndGlobal
